# This file is automatically @generated by Poetry 2.3.1 and should not be changed by hand.

[[package]]
name = "easy-logging"
version = "1.0.0"
description = "Reusable logging setup helper with console and rotating file handlers."
optional = false
python-versions = ">=3.10"
groups = ["main"]
files = []
develop = false

[package.source]
type = "git"
url = "https://github.com/Beliypozhizni/EasyLogging.git"
reference = "v.1.0.0"
resolved_reference = "bfcc6f2dacb79c1be253a4370ca3936e452d2179"

[[package]]
name = "python-dotenv"
version = "1.2.2"
description = "Read key-value pairs from a .env file and set them as environment variables"
optional = false
python-versions = ">=3.10"
groups = ["main"]
files = [
    {file = "python_dotenv-1.2.2-py3-none-any.whl", hash = "sha256:1d8214789a24de455a8b8bd8ae6fe3c6b69a5e3d64aa8a8e5d68e694bbcb285a"},
    {file = "python_dotenv-1.2.2.tar.gz", hash = "sha256:2c371a91fbd7ba082c2c1dc1f8bf89ca22564a087c2c287cd9b662adde799cf3"},
]

[package.extras]
cli = ["click (>=5.0)"]

[[package]]
name = "redis"
version = "7.3.0"
description = "Python client for Redis database and key-value store"
optional = false
python-versions = ">=3.10"
groups = ["main"]
files = [
    {file = "redis-7.3.0-py3-none-any.whl", hash = "sha256:9d4fcb002a12a5e3c3fbe005d59c48a2cc231f87fbb2f6b70c2d89bb64fec364"},
    {file = "redis-7.3.0.tar.gz", hash = "sha256:4d1b768aafcf41b01022410b3cc4f15a07d9b3d6fe0c66fc967da2c88e551034"},
]

[package.extras]
circuit-breaker = ["pybreaker (>=1.4.0)"]
hiredis = ["hiredis (>=3.2.0)"]
jwt = ["pyjwt (>=2.9.0)"]
ocsp = ["cryptography (>=36.0.1)", "pyopenssl (>=20.0.1)", "requests (>=2.31.0)"]
otel = ["opentelemetry-api (>=1.39.1)", "opentelemetry-exporter-otlp-proto-http (>=1.39.1)", "opentelemetry-sdk (>=1.39.1)"]
xxhash = ["xxhash (>=3.6.0,<3.7.0)"]

[[package]]
name = "spreads-detector-schemas"
version = "0.1.0"
description = "Shared quote and spread schemas for microservices."
optional = false
python-versions = ">=3.13"
groups = ["main"]
files = []
develop = false

[package.source]
type = "git"
url = "https://github.com/Beliypozhizni/SpreadsDetectorSchemas.git"
reference = "HEAD"
resolved_reference = "a1c0f4ee92575642ce0e1a7a37dd634c905ccd52"

[metadata]
lock-version = "2.1"
python-versions = ">=3.13"
content-hash = "dd229877072b7b669074261eab0e7a3f2b5e2ac616400b1b62f60a1db7df3bd9"
